<?xml version="1.0" encoding="utf-8"?>
<Project ToolsVersion="4.0" xmlns="http://schemas.microsoft.com/developer/msbuild/2003">
  <ItemGroup>
    <Filter Include="Common">
      <UniqueIdentifier>f2bdbe09-9651-4f7a-ab8c-1a2da1222a35</UniqueIdentifier>
    </Filter>
    <Filter Include="Assets">
      <UniqueIdentifier>83265c90-e23c-46d3-a539-a26c7412ec33</UniqueIdentifier>
      <Extensions>ico;cur;bmp;dds;dlg;fbx;rct;bin;rgs;gif;jpg;jpeg;jpe;resx;tga;tiff;tif;png;wav;mfcribbon-ms</Extensions>
    </Filter>
    <Filter Include="Camera">
      <UniqueIdentifier>{32312395-978a-40f8-b975-a51e95dcba18}</UniqueIdentifier>
    </Filter>
    <Filter Include="Scene">
      <UniqueIdentifier>{3ee424d5-58b6-4402-9cea-ddd34c1f6759}</UniqueIdentifier>
    </Filter>
    <Filter Include="Scene\Scenes">
      <UniqueIdentifier>{92a95128-0d68-4285-b63a-44a52c5ab70d}</UniqueIdentifier>
    </Filter>
    <Filter Include="Debug">
      <UniqueIdentifier>{5cb25f81-bfac-4409-8453-75cecab99415}</UniqueIdentifier>
    </Filter>
    <Filter Include="SomeCommon">
      <UniqueIdentifier>{e10a6d41-8149-452a-9a66-9b7a019cccc0}</UniqueIdentifier>
    </Filter>
    <Filter Include="Object">
      <UniqueIdentifier>{25523496-6dd9-4e36-bb68-1c93c47ff4f2}</UniqueIdentifier>
    </Filter>
    <Filter Include="Collison">
      <UniqueIdentifier>{bd54224c-8d18-4acd-871a-f01f7e08c9ad}</UniqueIdentifier>
    </Filter>
    <Filter Include="Collison\基底クラス">
      <UniqueIdentifier>{ea11c089-d951-445b-b566-2e3a48d55adb}</UniqueIdentifier>
    </Filter>
    <Filter Include="DesignPattern">
      <UniqueIdentifier>{e8f71802-0451-4558-9586-bd70114a3c42}</UniqueIdentifier>
    </Filter>
    <Filter Include="Model">
      <UniqueIdentifier>{c22f338f-46e7-4d52-a52e-dde86b6daf34}</UniqueIdentifier>
    </Filter>
    <Filter Include="基礎">
      <UniqueIdentifier>{4dd846e1-b9a7-4fcd-94e6-a6989e120037}</UniqueIdentifier>
    </Filter>
    <Filter Include="基礎\パラメータ">
      <UniqueIdentifier>{5016a97c-ed4f-4d23-aa74-7921b5916d86}</UniqueIdentifier>
    </Filter>
    <Filter Include="Collison\派生クラス">
      <UniqueIdentifier>{cf3a2655-2e00-4b16-92b1-11e19e25acda}</UniqueIdentifier>
    </Filter>
    <Filter Include="Collison\マネージャー">
      <UniqueIdentifier>{7d2f5de8-ba60-4d52-b177-498f2173e49a}</UniqueIdentifier>
    </Filter>
  </ItemGroup>
  <ItemGroup>
    <ClInclude Include="pch.h" />
    <ClInclude Include="Game.h" />
    <ClInclude Include="StepTimer.h">
      <Filter>Common</Filter>
    </ClInclude>
    <ClInclude Include="DeviceResources.h">
      <Filter>Common</Filter>
    </ClInclude>
    <ClInclude Include="Common\GameContext.h">
      <Filter>SomeCommon</Filter>
    </ClInclude>
    <ClInclude Include="Common\Projection.h">
      <Filter>SomeCommon</Filter>
    </ClInclude>
    <ClInclude Include="Common\Utilities.h">
      <Filter>SomeCommon</Filter>
    </ClInclude>
    <ClInclude Include="Scene\SceneManager.h">
      <Filter>Scene</Filter>
    </ClInclude>
    <ClInclude Include="Scene\Scenes\GameScene.h">
      <Filter>Scene\Scenes</Filter>
    </ClInclude>
    <ClInclude Include="Scene\Scenes\SceneBase.h">
      <Filter>Scene\Scenes</Filter>
    </ClInclude>
    <ClInclude Include="Scene\Scenes\TitleScene.h">
      <Filter>Scene\Scenes</Filter>
    </ClInclude>
    <ClInclude Include="DebugCamera.h">
      <Filter>Debug</Filter>
    </ClInclude>
    <ClInclude Include="GridFloor.h">
      <Filter>Debug</Filter>
    </ClInclude>
    <ClInclude Include="Scene\Scenes\PauseScene.h">
      <Filter>Scene\Scenes</Filter>
    </ClInclude>
    <ClInclude Include="Game\Collision\Collider.h">
      <Filter>Collison\基底クラス</Filter>
    </ClInclude>
    <ClInclude Include="Game\Object\Object.h">
      <Filter>Object</Filter>
    </ClInclude>
    <ClInclude Include="Game\DesignPattern\Singleton.h">
      <Filter>DesignPattern</Filter>
    </ClInclude>
    <ClInclude Include="Game\Camera\FixCamera.h">
      <Filter>Camera</Filter>
    </ClInclude>
    <ClInclude Include="Game\Camera\FollowCamera.h">
      <Filter>Camera</Filter>
    </ClInclude>
    <ClInclude Include="Game\Object\GameObject.h">
      <Filter>Object</Filter>
    </ClInclude>
    <ClInclude Include="Game\Model\ModelStorage.h">
      <Filter>Model</Filter>
    </ClInclude>
    <ClInclude Include="Game\Object\ObjectPool.h">
      <Filter>Object</Filter>
    </ClInclude>
    <ClInclude Include="Game\Parameter.h">
      <Filter>基礎\パラメータ</Filter>
    </ClInclude>
    <ClInclude Include="Game\BasicVariables.h">
      <Filter>基礎\パラメータ</Filter>
    </ClInclude>
    <ClInclude Include="Game\Collision\BoxCollider.h">
      <Filter>Collison\派生クラス</Filter>
    </ClInclude>
    <ClInclude Include="Game\Collision\SphereCollider.h">
      <Filter>Collison\派生クラス</Filter>
    </ClInclude>
  </ItemGroup>
  <ItemGroup>
    <ClCompile Include="pch.cpp" />
    <ClCompile Include="Game.cpp" />
    <ClCompile Include="Main.cpp" />
    <ClCompile Include="DeviceResources.cpp">
      <Filter>Common</Filter>
    </ClCompile>
    <ClCompile Include="Scene\SceneManager.cpp">
      <Filter>Scene</Filter>
    </ClCompile>
    <ClCompile Include="Scene\Scenes\GameScene.cpp">
      <Filter>Scene\Scenes</Filter>
    </ClCompile>
    <ClCompile Include="Scene\Scenes\TitleScene.cpp">
      <Filter>Scene\Scenes</Filter>
    </ClCompile>
    <ClCompile Include="DebugCamera.cpp">
      <Filter>Debug</Filter>
    </ClCompile>
    <ClCompile Include="GridFloor.cpp">
      <Filter>Debug</Filter>
    </ClCompile>
    <ClCompile Include="Scene\Scenes\PauseScene.cpp">
      <Filter>Scene\Scenes</Filter>
    </ClCompile>
    <ClCompile Include="Game\Collision\Collider.cpp">
      <Filter>Collison\基底クラス</Filter>
    </ClCompile>
    <ClCompile Include="Game\Object\Object.cpp">
      <Filter>Object</Filter>
    </ClCompile>
    <ClCompile Include="Game\Camera\FixCamera.cpp">
      <Filter>Camera</Filter>
    </ClCompile>
    <ClCompile Include="Game\Camera\FollowCamera.cpp">
      <Filter>Camera</Filter>
    </ClCompile>
    <ClCompile Include="Game\Object\GameObject.cpp">
      <Filter>Object</Filter>
    </ClCompile>
    <ClCompile Include="Game\Model\ModelStorage.cpp">
      <Filter>Model</Filter>
    </ClCompile>
    <ClCompile Include="Game\Object\ObjectPool.cpp">
      <Filter>Object</Filter>
    </ClCompile>
    <ClCompile Include="Game\Parameter.cpp">
      <Filter>基礎\パラメータ</Filter>
    </ClCompile>
    <ClCompile Include="Game\Collision\BoxCollider.cpp">
      <Filter>Collison\派生クラス</Filter>
    </ClCompile>
    <ClCompile Include="Game\Collision\SphereCollider.cpp">
      <Filter>Collison\派生クラス</Filter>
    </ClCompile>
  </ItemGroup>
  <ItemGroup>
    <ResourceCompile Include="resource.rc" />
  </ItemGroup>
  <ItemGroup>
    <Image Include="directx.ico">
      <Filter>Assets</Filter>
    </Image>
  </ItemGroup>
  <ItemGroup>
    <Manifest Include="settings.manifest">
      <Filter>Assets</Filter>
    </Manifest>
  </ItemGroup>
  <ItemGroup>
    <MeshContentTask Include="FBX\hammer.fbx">
      <Filter>Assets</Filter>
    </MeshContentTask>
    <MeshContentTask Include="FBX\lance.fbx">
      <Filter>Assets</Filter>
    </MeshContentTask>
    <MeshContentTask Include="FBX\Player.fbx">
      <Filter>Assets</Filter>
    </MeshContentTask>
    <MeshContentTask Include="FBX\sword.fbx">
      <Filter>Assets</Filter>
    </MeshContentTask>
    <MeshContentTask Include="FBX\enemy_01.FBX">
      <Filter>Assets</Filter>
    </MeshContentTask>
    <MeshContentTask Include="FBX\Enemy1.fbx">
      <Filter>Assets</Filter>
    </MeshContentTask>
    <MeshContentTask Include="FBX\Floor.fbx">
      <Filter>Assets</Filter>
    </MeshContentTask>
  </ItemGroup>
</Project>